{
  "name": "gas-south-fe",
  "lockfileVersion": 2,
  "requires": true,
  "packages": {
    "": {
      "dependencies": {
        "react-onesignal": "^2.0.4"
      }
    },
    "node_modules/react-onesignal": {
      "version": "2.0.4",
      "resolved": "https://registry.npmjs.org/react-onesignal/-/react-onesignal-2.0.4.tgz",
      "integrity": "sha512-llZ4PV1+EsWWZDt0BRils6gAxaxMoYP0Z3rlNivQy4xqUaiO1/PcRaIJ6CuzCci/koDsw5IzLOXEHlV4Yn+d9Q==",
      "engines": {
        "node": ">=8",
        "npm": ">=5"
      },
      "peerDependencies": {
        "react": ">= 16.8"
      }
    }
  },
  "dependencies": {
    "react-onesignal": {
      "version": "2.0.4",
      "resolved": "https://registry.npmjs.org/react-onesignal/-/react-onesignal-2.0.4.tgz",
      "integrity": "sha512-llZ4PV1+EsWWZDt0BRils6gAxaxMoYP0Z3rlNivQy4xqUaiO1/PcRaIJ6CuzCci/koDsw5IzLOXEHlV4Yn+d9Q=="
    }
  }
}
